
Microsoft Visual Studio Solution File, Format Version 12.00
# Visual Studio Version 17
VisualStudioVersion = 17.5.33530.505
MinimumVisualStudioVersion = 10.0.40219.1
Project("{9A19103F-16F7-4668-BE54-9A1E7A4F7556}") = "AncertCronometro", "AncertCronometro\AncertCronometro.csproj", "{5922AF06-73D8-4FFE-8839-871D5016F892}"
EndProject
Project("{9A19103F-16F7-4668-BE54-9A1E7A4F7556}") = "CronometroWPFUI", "CronometroWPFUI\CronometroWPFUI.csproj", "{4831D200-CF3C-49C6-896E-7B4697C085F4}"
EndProject
Project("{FAE04EC0-301F-11D3-BF4B-00C04F79EFBC}") = "AncertCronometroTests", "AncertCronometroTests\AncertCronometroTests.csproj", "{47D9A339-4F26-467B-9193-A080DCBF5FD6}"
EndProject
Global
	GlobalSection(SolutionConfigurationPlatforms) = preSolution
		Debug|Any CPU = Debug|Any CPU
		Release|Any CPU = Release|Any CPU
	EndGlobalSection
	GlobalSection(ProjectConfigurationPlatforms) = postSolution
		{5922AF06-73D8-4FFE-8839-871D5016F892}.Debug|Any CPU.ActiveCfg = Debug|Any CPU
		{5922AF06-73D8-4FFE-8839-871D5016F892}.Debug|Any CPU.Build.0 = Debug|Any CPU
		{5922AF06-73D8-4FFE-8839-871D5016F892}.Release|Any CPU.ActiveCfg = Release|Any CPU
		{5922AF06-73D8-4FFE-8839-871D5016F892}.Release|Any CPU.Build.0 = Release|Any CPU
		{4831D200-CF3C-49C6-896E-7B4697C085F4}.Debug|Any CPU.ActiveCfg = Debug|Any CPU
		{4831D200-CF3C-49C6-896E-7B4697C085F4}.Debug|Any CPU.Build.0 = Debug|Any CPU
		{4831D200-CF3C-49C6-896E-7B4697C085F4}.Release|Any CPU.ActiveCfg = Release|Any CPU
		{4831D200-CF3C-49C6-896E-7B4697C085F4}.Release|Any CPU.Build.0 = Release|Any CPU
		{47D9A339-4F26-467B-9193-A080DCBF5FD6}.Debug|Any CPU.ActiveCfg = Debug|Any CPU
		{47D9A339-4F26-467B-9193-A080DCBF5FD6}.Debug|Any CPU.Build.0 = Debug|Any CPU
		{47D9A339-4F26-467B-9193-A080DCBF5FD6}.Release|Any CPU.ActiveCfg = Release|Any CPU
		{47D9A339-4F26-467B-9193-A080DCBF5FD6}.Release|Any CPU.Build.0 = Release|Any CPU
	EndGlobalSection
	GlobalSection(SolutionProperties) = preSolution
		HideSolutionNode = FALSE
	EndGlobalSection
	GlobalSection(ExtensibilityGlobals) = postSolution
		SolutionGuid = {1753F905-9FA4-41B4-823F-01F8BC58ED89}
	EndGlobalSection
EndGlobal
